<?xml version="1.0" encoding="utf-8"?>
<Project ToolsVersion="4.0" xmlns="http://schemas.microsoft.com/developer/msbuild/2003">
  <ItemGroup>
    <Filter Include="Resource">
      <UniqueIdentifier>{67DA6AB6-F800-4c08-8B7A-83BB121AAD01}</UniqueIdentifier>
      <Extensions>rc;ico;cur;bmp;dlg;rc2;rct;bin;rgs;gif;jpg;jpeg;jpe;resx;tiff;tif;png;wav;mfcribbon-ms</Extensions>
    </Filter>
    <Filter Include="Resource\Shader">
      <UniqueIdentifier>{fe9e41bc-f9c3-4e86-9ba3-01ea98ea6e4c}</UniqueIdentifier>
    </Filter>
    <Filter Include="Include">
      <UniqueIdentifier>{93995380-89BD-4b04-88EB-625FBE52EBFB}</UniqueIdentifier>
      <Extensions>h;hh;hpp;hxx;h++;hm;inl;inc;ipp;xsd</Extensions>
    </Filter>
    <Filter Include="Source">
      <UniqueIdentifier>{4FC737F1-C7A5-4376-A066-2A32D752A2FF}</UniqueIdentifier>
      <Extensions>cpp;c;cc;cxx;c++;cppm;ixx;def;odl;idl;hpj;bat;asm;asmx</Extensions>
    </Filter>
    <Filter Include="Externals">
      <UniqueIdentifier>{9e184955-8dc8-4d10-b4ff-93d22e9da9c6}</UniqueIdentifier>
    </Filter>
    <Filter Include="Externals\imgui">
      <UniqueIdentifier>{149d841e-35bf-4362-adbb-43f0ff24a315}</UniqueIdentifier>
    </Filter>
    <Filter Include="Externals\DirectX">
      <UniqueIdentifier>{8072b7f1-6734-4fb1-852b-402f78b47a7f}</UniqueIdentifier>
    </Filter>
  </ItemGroup>
  <ItemGroup>
    <ClCompile Include="Source\Debug.cpp">
      <Filter>Source</Filter>
    </ClCompile>
    <ClCompile Include="Source\DirectXHelper.cpp">
      <Filter>Source</Filter>
    </ClCompile>
    <ClCompile Include="Source\Window.cpp">
      <Filter>Source</Filter>
    </ClCompile>
    <ClCompile Include="stdafx.cpp" />
    <ClCompile Include="main.cpp" />
    <ClCompile Include="Source\StringUtils.cpp">
      <Filter>Source</Filter>
    </ClCompile>
    <ClCompile Include="Source\ShaderCompiler.cpp">
      <Filter>Source</Filter>
    </ClCompile>
    <ClCompile Include="Source\MathUtils.cpp">
      <Filter>Source</Filter>
    </ClCompile>
    <ClCompile Include="Source\DirectXDevice.cpp">
      <Filter>Source</Filter>
    </ClCompile>
    <ClCompile Include="..\Externals\imgui\imgui.cpp">
      <Filter>Externals\imgui</Filter>
    </ClCompile>
    <ClCompile Include="..\Externals\imgui\imgui_demo.cpp">
      <Filter>Externals\imgui</Filter>
    </ClCompile>
    <ClCompile Include="..\Externals\imgui\imgui_draw.cpp">
      <Filter>Externals\imgui</Filter>
    </ClCompile>
    <ClCompile Include="..\Externals\imgui\imgui_impl_dx12.cpp">
      <Filter>Externals\imgui</Filter>
    </ClCompile>
    <ClCompile Include="..\Externals\imgui\imgui_impl_win32.cpp">
      <Filter>Externals\imgui</Filter>
    </ClCompile>
    <ClCompile Include="..\Externals\imgui\imgui_tables.cpp">
      <Filter>Externals\imgui</Filter>
    </ClCompile>
    <ClCompile Include="..\Externals\imgui\imgui_widgets.cpp">
      <Filter>Externals\imgui</Filter>
    </ClCompile>
    <ClCompile Include="ImGuiManager.cpp">
      <Filter>Source</Filter>
    </ClCompile>
  </ItemGroup>
  <ItemGroup>
    <ClInclude Include="Include\Debug.h">
      <Filter>Include</Filter>
    </ClInclude>
    <ClInclude Include="Include\DirectXHelper.h">
      <Filter>Include</Filter>
    </ClInclude>
    <ClInclude Include="Include\Window.h">
      <Filter>Include</Filter>
    </ClInclude>
    <ClInclude Include="stdafx.h" />
    <ClInclude Include="Include\StringUtils.h">
      <Filter>Include</Filter>
    </ClInclude>
    <ClInclude Include="Include\ShaderCompiler.h">
      <Filter>Include</Filter>
    </ClInclude>
    <ClInclude Include="Include\MathUtils.h">
      <Filter>Include</Filter>
    </ClInclude>
    <ClInclude Include="MathUtils_inline.h">
      <Filter>Include</Filter>
    </ClInclude>
    <ClInclude Include="Include\DirectXDevice.h">
      <Filter>Include</Filter>
    </ClInclude>
    <ClInclude Include="..\Externals\imgui\imconfig.h">
      <Filter>Externals\imgui</Filter>
    </ClInclude>
    <ClInclude Include="..\Externals\imgui\imgui.h">
      <Filter>Externals\imgui</Filter>
    </ClInclude>
    <ClInclude Include="..\Externals\imgui\imgui_impl_dx12.h">
      <Filter>Externals\imgui</Filter>
    </ClInclude>
    <ClInclude Include="..\Externals\imgui\imgui_impl_win32.h">
      <Filter>Externals\imgui</Filter>
    </ClInclude>
    <ClInclude Include="..\Externals\imgui\imgui_internal.h">
      <Filter>Externals\imgui</Filter>
    </ClInclude>
    <ClInclude Include="..\Externals\imgui\imstb_rectpack.h">
      <Filter>Externals\imgui</Filter>
    </ClInclude>
    <ClInclude Include="..\Externals\imgui\imstb_textedit.h">
      <Filter>Externals\imgui</Filter>
    </ClInclude>
    <ClInclude Include="..\Externals\imgui\imstb_truetype.h">
      <Filter>Externals\imgui</Filter>
    </ClInclude>
    <ClInclude Include="..\Externals\DirectX\d3dx12.h">
      <Filter>Externals\DirectX</Filter>
    </ClInclude>
    <ClInclude Include="ImGuiManager.h">
      <Filter>Include</Filter>
    </ClInclude>
  </ItemGroup>
  <ItemGroup>
    <Text Include="..\Externals\imgui\LICENSE.txt">
      <Filter>Externals\imgui</Filter>
    </Text>
  </ItemGroup>
  <ItemGroup>
    <None Include="Resource\Shader\Particle.PS.hlsl">
      <Filter>Resource\Shader</Filter>
    </None>
    <None Include="Resource\Shader\Particle.VS.hlsl">
      <Filter>Resource\Shader</Filter>
    </None>
    <None Include="Resource\Shader\Particle.hlsli">
      <Filter>Resource\Shader</Filter>
    </None>
    <None Include="Resource\Shader\Particle.GS.hlsl">
      <Filter>Resource\Shader</Filter>
    </None>
    <None Include="Resource\Shader\ParticleUpdate.CS.hlsl">
      <Filter>Resource\Shader</Filter>
    </None>
  </ItemGroup>
</Project>